
Microsoft Visual Studio Solution File, Format Version 12.00
# Visual Studio Version 16
VisualStudioVersion = 16.0.30804.86
MinimumVisualStudioVersion = 10.0.40219.1
Project("{9A19103F-16F7-4668-BE54-9A1E7A4F7556}") = "KampIntro", "KampIntro\KampIntro.csproj", "{0CAE7D70-A838-477B-A9EA-CA07A4C5FDCA}"
EndProject
Project("{9A19103F-16F7-4668-BE54-9A1E7A4F7556}") = "Donguler", "Donguler\Donguler.csproj", "{4613C8F1-448A-4807-B3F8-70D35DFA3FB4}"
EndProject
Project("{9A19103F-16F7-4668-BE54-9A1E7A4F7556}") = "Class", "Class\Class.csproj", "{A33C526B-9775-4AF4-9BC2-360FD42DFFE8}"
EndProject
Project("{9A19103F-16F7-4668-BE54-9A1E7A4F7556}") = "ClassTanim", "ClassTanim\ClassTanim.csproj", "{03EB1AD2-AF63-47F0-A158-9D9E6654DE45}"
EndProject
Project("{9A19103F-16F7-4668-BE54-9A1E7A4F7556}") = "Metodlar", "Metodlar\Metodlar.csproj", "{F9AA3E12-16F2-40B0-A838-2EBB57A57914}"
EndProject
Project("{9A19103F-16F7-4668-BE54-9A1E7A4F7556}") = "Matematik", "Matematik\Matematik.csproj", "{67DAC1CB-CDC1-47E6-BB72-806536DB53F4}"
EndProject
Project("{9A19103F-16F7-4668-BE54-9A1E7A4F7556}") = "DegerVeReferansTipler", "DegerVeReferansTipler\DegerVeReferansTipler.csproj", "{C5D7222B-0A22-4E23-BB58-0064450B1E84}"
EndProject
Project("{9A19103F-16F7-4668-BE54-9A1E7A4F7556}") = "ClassMetotDemo", "ClassMetotDemo\ClassMetotDemo.csproj", "{9FD1AC4B-11DE-4D11-8DD3-AF09A74ECF88}"
EndProject
Project("{9A19103F-16F7-4668-BE54-9A1E7A4F7556}") = "OOP1", "OOP1\OOP1.csproj", "{AAA1C1CA-251E-4A19-8F40-7773C9BD34BB}"
EndProject
Project("{9A19103F-16F7-4668-BE54-9A1E7A4F7556}") = "Collections", "Collections\Collections.csproj", "{006861F2-4877-4F6F-88E5-519A35CE27F8}"
EndProject
Project("{9A19103F-16F7-4668-BE54-9A1E7A4F7556}") = "GenericsIntro", "GenericsIntro\GenericsIntro.csproj", "{500481F0-337B-442E-BFC6-7A97F86C0132}"
EndProject
Project("{9A19103F-16F7-4668-BE54-9A1E7A4F7556}") = "Dictionaries", "Dictionaries\Dictionaries.csproj", "{6B47BF00-DF9D-489A-A10D-B51EDCE4F2E2}"
EndProject
Project("{9A19103F-16F7-4668-BE54-9A1E7A4F7556}") = "Oop2", "Oop2\Oop2.csproj", "{8CD314F1-BBB2-46AA-B0C7-E817D169E0A1}"
EndProject
Project("{9A19103F-16F7-4668-BE54-9A1E7A4F7556}") = "OOP3", "OOP3\OOP3.csproj", "{54B4703F-BC66-4478-97EB-F2040A8D8543}"
EndProject
Project("{FAE04EC0-301F-11D3-BF4B-00C04F79EFBC}") = "MyFirstGame", "MyFirstGame\MyFirstGame.csproj", "{BF65FBD3-6E04-4901-9CD2-B330AB2C7FD5}"
EndProject
Global
	GlobalSection(SolutionConfigurationPlatforms) = preSolution
		Debug|Any CPU = Debug|Any CPU
		Release|Any CPU = Release|Any CPU
	EndGlobalSection
	GlobalSection(ProjectConfigurationPlatforms) = postSolution
		{0CAE7D70-A838-477B-A9EA-CA07A4C5FDCA}.Debug|Any CPU.ActiveCfg = Debug|Any CPU
		{0CAE7D70-A838-477B-A9EA-CA07A4C5FDCA}.Debug|Any CPU.Build.0 = Debug|Any CPU
		{0CAE7D70-A838-477B-A9EA-CA07A4C5FDCA}.Release|Any CPU.ActiveCfg = Release|Any CPU
		{0CAE7D70-A838-477B-A9EA-CA07A4C5FDCA}.Release|Any CPU.Build.0 = Release|Any CPU
		{4613C8F1-448A-4807-B3F8-70D35DFA3FB4}.Debug|Any CPU.ActiveCfg = Debug|Any CPU
		{4613C8F1-448A-4807-B3F8-70D35DFA3FB4}.Debug|Any CPU.Build.0 = Debug|Any CPU
		{4613C8F1-448A-4807-B3F8-70D35DFA3FB4}.Release|Any CPU.ActiveCfg = Release|Any CPU
		{4613C8F1-448A-4807-B3F8-70D35DFA3FB4}.Release|Any CPU.Build.0 = Release|Any CPU
		{A33C526B-9775-4AF4-9BC2-360FD42DFFE8}.Debug|Any CPU.ActiveCfg = Debug|Any CPU
		{A33C526B-9775-4AF4-9BC2-360FD42DFFE8}.Debug|Any CPU.Build.0 = Debug|Any CPU
		{A33C526B-9775-4AF4-9BC2-360FD42DFFE8}.Release|Any CPU.ActiveCfg = Release|Any CPU
		{A33C526B-9775-4AF4-9BC2-360FD42DFFE8}.Release|Any CPU.Build.0 = Release|Any CPU
		{03EB1AD2-AF63-47F0-A158-9D9E6654DE45}.Debug|Any CPU.ActiveCfg = Debug|Any CPU
		{03EB1AD2-AF63-47F0-A158-9D9E6654DE45}.Debug|Any CPU.Build.0 = Debug|Any CPU
		{03EB1AD2-AF63-47F0-A158-9D9E6654DE45}.Release|Any CPU.ActiveCfg = Release|Any CPU
		{03EB1AD2-AF63-47F0-A158-9D9E6654DE45}.Release|Any CPU.Build.0 = Release|Any CPU
		{F9AA3E12-16F2-40B0-A838-2EBB57A57914}.Debug|Any CPU.ActiveCfg = Debug|Any CPU
		{F9AA3E12-16F2-40B0-A838-2EBB57A57914}.Debug|Any CPU.Build.0 = Debug|Any CPU
		{F9AA3E12-16F2-40B0-A838-2EBB57A57914}.Release|Any CPU.ActiveCfg = Release|Any CPU
		{F9AA3E12-16F2-40B0-A838-2EBB57A57914}.Release|Any CPU.Build.0 = Release|Any CPU
		{67DAC1CB-CDC1-47E6-BB72-806536DB53F4}.Debug|Any CPU.ActiveCfg = Debug|Any CPU
		{67DAC1CB-CDC1-47E6-BB72-806536DB53F4}.Debug|Any CPU.Build.0 = Debug|Any CPU
		{67DAC1CB-CDC1-47E6-BB72-806536DB53F4}.Release|Any CPU.ActiveCfg = Release|Any CPU
		{67DAC1CB-CDC1-47E6-BB72-806536DB53F4}.Release|Any CPU.Build.0 = Release|Any CPU
		{C5D7222B-0A22-4E23-BB58-0064450B1E84}.Debug|Any CPU.ActiveCfg = Debug|Any CPU
		{C5D7222B-0A22-4E23-BB58-0064450B1E84}.Debug|Any CPU.Build.0 = Debug|Any CPU
		{C5D7222B-0A22-4E23-BB58-0064450B1E84}.Release|Any CPU.ActiveCfg = Release|Any CPU
		{C5D7222B-0A22-4E23-BB58-0064450B1E84}.Release|Any CPU.Build.0 = Release|Any CPU
		{9FD1AC4B-11DE-4D11-8DD3-AF09A74ECF88}.Debug|Any CPU.ActiveCfg = Debug|Any CPU
		{9FD1AC4B-11DE-4D11-8DD3-AF09A74ECF88}.Debug|Any CPU.Build.0 = Debug|Any CPU
		{9FD1AC4B-11DE-4D11-8DD3-AF09A74ECF88}.Release|Any CPU.ActiveCfg = Release|Any CPU
		{9FD1AC4B-11DE-4D11-8DD3-AF09A74ECF88}.Release|Any CPU.Build.0 = Release|Any CPU
		{AAA1C1CA-251E-4A19-8F40-7773C9BD34BB}.Debug|Any CPU.ActiveCfg = Debug|Any CPU
		{AAA1C1CA-251E-4A19-8F40-7773C9BD34BB}.Debug|Any CPU.Build.0 = Debug|Any CPU
		{AAA1C1CA-251E-4A19-8F40-7773C9BD34BB}.Release|Any CPU.ActiveCfg = Release|Any CPU
		{AAA1C1CA-251E-4A19-8F40-7773C9BD34BB}.Release|Any CPU.Build.0 = Release|Any CPU
		{006861F2-4877-4F6F-88E5-519A35CE27F8}.Debug|Any CPU.ActiveCfg = Debug|Any CPU
		{006861F2-4877-4F6F-88E5-519A35CE27F8}.Debug|Any CPU.Build.0 = Debug|Any CPU
		{006861F2-4877-4F6F-88E5-519A35CE27F8}.Release|Any CPU.ActiveCfg = Release|Any CPU
		{006861F2-4877-4F6F-88E5-519A35CE27F8}.Release|Any CPU.Build.0 = Release|Any CPU
		{500481F0-337B-442E-BFC6-7A97F86C0132}.Debug|Any CPU.ActiveCfg = Debug|Any CPU
		{500481F0-337B-442E-BFC6-7A97F86C0132}.Debug|Any CPU.Build.0 = Debug|Any CPU
		{500481F0-337B-442E-BFC6-7A97F86C0132}.Release|Any CPU.ActiveCfg = Release|Any CPU
		{500481F0-337B-442E-BFC6-7A97F86C0132}.Release|Any CPU.Build.0 = Release|Any CPU
		{6B47BF00-DF9D-489A-A10D-B51EDCE4F2E2}.Debug|Any CPU.ActiveCfg = Debug|Any CPU
		{6B47BF00-DF9D-489A-A10D-B51EDCE4F2E2}.Debug|Any CPU.Build.0 = Debug|Any CPU
		{6B47BF00-DF9D-489A-A10D-B51EDCE4F2E2}.Release|Any CPU.ActiveCfg = Release|Any CPU
		{6B47BF00-DF9D-489A-A10D-B51EDCE4F2E2}.Release|Any CPU.Build.0 = Release|Any CPU
		{8CD314F1-BBB2-46AA-B0C7-E817D169E0A1}.Debug|Any CPU.ActiveCfg = Debug|Any CPU
		{8CD314F1-BBB2-46AA-B0C7-E817D169E0A1}.Debug|Any CPU.Build.0 = Debug|Any CPU
		{8CD314F1-BBB2-46AA-B0C7-E817D169E0A1}.Release|Any CPU.ActiveCfg = Release|Any CPU
		{8CD314F1-BBB2-46AA-B0C7-E817D169E0A1}.Release|Any CPU.Build.0 = Release|Any CPU
		{54B4703F-BC66-4478-97EB-F2040A8D8543}.Debug|Any CPU.ActiveCfg = Debug|Any CPU
		{54B4703F-BC66-4478-97EB-F2040A8D8543}.Debug|Any CPU.Build.0 = Debug|Any CPU
		{54B4703F-BC66-4478-97EB-F2040A8D8543}.Release|Any CPU.ActiveCfg = Release|Any CPU
		{54B4703F-BC66-4478-97EB-F2040A8D8543}.Release|Any CPU.Build.0 = Release|Any CPU
		{BF65FBD3-6E04-4901-9CD2-B330AB2C7FD5}.Debug|Any CPU.ActiveCfg = Debug|Any CPU
		{BF65FBD3-6E04-4901-9CD2-B330AB2C7FD5}.Debug|Any CPU.Build.0 = Debug|Any CPU
		{BF65FBD3-6E04-4901-9CD2-B330AB2C7FD5}.Release|Any CPU.ActiveCfg = Release|Any CPU
		{BF65FBD3-6E04-4901-9CD2-B330AB2C7FD5}.Release|Any CPU.Build.0 = Release|Any CPU
	EndGlobalSection
	GlobalSection(SolutionProperties) = preSolution
		HideSolutionNode = FALSE
	EndGlobalSection
	GlobalSection(ExtensibilityGlobals) = postSolution
		SolutionGuid = {FC5D9AAE-57CF-4A50-8B26-A7B91FE280C8}
	EndGlobalSection
EndGlobal
